
Microsoft Visual Studio Solution File, Format Version 12.00
# Visual Studio 15
Project("{FAE04EC0-301F-11D3-BF4B-00C04F79EFBC}") = "Assembly-CSharp", "Assembly-CSharp.csproj", "{BCCC481F-CCED-0161-0086-2C5A94D0AB3D}"
EndProject
Global
	GlobalSection(SolutionConfigurationPlatforms) = preSolution
		Debug|Any CPU = Debug|Any CPU
		Release|Any CPU = Release|Any CPU
	EndGlobalSection
	GlobalSection(ProjectConfigurationPlatforms) = postSolution
		{BCCC481F-CCED-0161-0086-2C5A94D0AB3D}.Debug|Any CPU.ActiveCfg = Debug|Any CPU
		{BCCC481F-CCED-0161-0086-2C5A94D0AB3D}.Debug|Any CPU.Build.0 = Debug|Any CPU
		{BCCC481F-CCED-0161-0086-2C5A94D0AB3D}.Release|Any CPU.ActiveCfg = Release|Any CPU
		{BCCC481F-CCED-0161-0086-2C5A94D0AB3D}.Release|Any CPU.Build.0 = Release|Any CPU
	EndGlobalSection
	GlobalSection(SolutionProperties) = preSolution
		HideSolutionNode = FALSE
	EndGlobalSection
EndGlobal
