
Microsoft Visual Studio Solution File, Format Version 12.00
# Visual Studio 15
Project("{FAE04EC0-301F-11D3-BF4B-00C04F79EFBC}") = "Assembly-CSharp", "Assembly-CSharp.csproj", "{089E4433-E199-5098-333A-1CDD5673816F}"
EndProject
Global
	GlobalSection(SolutionConfigurationPlatforms) = preSolution
		Debug|Any CPU = Debug|Any CPU
		Release|Any CPU = Release|Any CPU
	EndGlobalSection
	GlobalSection(ProjectConfigurationPlatforms) = postSolution
		{089E4433-E199-5098-333A-1CDD5673816F}.Debug|Any CPU.ActiveCfg = Debug|Any CPU
		{089E4433-E199-5098-333A-1CDD5673816F}.Debug|Any CPU.Build.0 = Debug|Any CPU
		{089E4433-E199-5098-333A-1CDD5673816F}.Release|Any CPU.ActiveCfg = Release|Any CPU
		{089E4433-E199-5098-333A-1CDD5673816F}.Release|Any CPU.Build.0 = Release|Any CPU
	EndGlobalSection
	GlobalSection(SolutionProperties) = preSolution
		HideSolutionNode = FALSE
	EndGlobalSection
EndGlobal
